{
  "version": 4,
  "terraform_version": "1.1.3",
  "serial": 34,
  "lineage": "8a5380a9-7130-3770-318c-9748782c7a8b",
  "outputs": {},
  "resources": [
    {
      "mode": "managed",
      "type": "google_compute_network",
      "name": "main",
      "provider": "provider[\"registry.terraform.io/hashicorp/google\"]",
      "instances": [
        {
          "schema_version": 0,
          "attributes": {
            "auto_create_subnetworks": true,
            "delete_default_routes_on_create": false,
            "description": "",
            "gateway_ipv4": "",
            "id": "projects/elastic-cloud-dev/global/networks/lloyd-k8s-training",
            "mtu": 0,
            "name": "lloyd-k8s-training",
            "project": "elastic-cloud-dev",
            "routing_mode": "REGIONAL",
            "self_link": "https://www.googleapis.com/compute/v1/projects/elastic-cloud-dev/global/networks/lloyd-k8s-training",
            "timeouts": null
          },
          "sensitive_attributes": [],
          "private": "eyJlMmJmYjczMC1lY2FhLTExZTYtOGY4OC0zNDM2M2JjN2M0YzAiOnsiY3JlYXRlIjoyNDAwMDAwMDAwMDAsImRlbGV0ZSI6MjQwMDAwMDAwMDAwLCJ1cGRhdGUiOjI0MDAwMDAwMDAwMH19"
        }
      ]
    },
    {
      "mode": "managed",
      "type": "google_container_cluster",
      "name": "k8s-cluster",
      "provider": "provider[\"registry.terraform.io/hashicorp/google\"]",
      "instances": [
        {
          "schema_version": 1,
          "attributes": {
            "addons_config": [
              {
                "cloudrun_config": [],
                "horizontal_pod_autoscaling": [],
                "http_load_balancing": [],
                "network_policy_config": [
                  {
                    "disabled": true
                  }
                ]
              }
            ],
            "authenticator_groups_config": [],
            "cluster_autoscaling": [
              {
                "auto_provisioning_defaults": [],
                "enabled": false,
                "resource_limits": []
              }
            ],
            "cluster_ipv4_cidr": "10.40.0.0/14",
            "confidential_nodes": [],
            "database_encryption": [
              {
                "key_name": "",
                "state": "DECRYPTED"
              }
            ],
            "datapath_provider": "",
            "default_max_pods_per_node": null,
            "default_snat_status": [
              {
                "disabled": false
              }
            ],
            "description": "",
            "enable_autopilot": false,
            "enable_binary_authorization": false,
            "enable_intranode_visibility": false,
            "enable_kubernetes_alpha": false,
            "enable_legacy_abac": false,
            "enable_shielded_nodes": true,
            "enable_tpu": false,
            "endpoint": "35.194.103.129",
            "id": "projects/elastic-cloud-dev/locations/asia-northeast1-a/clusters/lloyd-k8s-training",
            "initial_node_count": 0,
            "ip_allocation_policy": [],
            "label_fingerprint": "a9dc16a7",
            "location": "asia-northeast1-a",
            "logging_config": [
              {
                "enable_components": [
                  "SYSTEM_COMPONENTS",
                  "WORKLOADS"
                ]
              }
            ],
            "logging_service": "logging.googleapis.com/kubernetes",
            "maintenance_policy": [],
            "master_auth": [
              {
                "client_certificate": "",
                "client_certificate_config": [
                  {
                    "issue_client_certificate": false
                  }
                ],
                "client_key": "",
                "cluster_ca_certificate": "LS0tLS1CRUdJTiBDRVJUSUZJQ0FURS0tLS0tCk1JSUVMRENDQXBTZ0F3SUJBZ0lRYU5maXFCRFJWMkFDeG9HYmd5bE1RakFOQmdrcWhraUc5dzBCQVFzRkFEQXYKTVMwd0t3WURWUVFERXlSbU5UTTVNV1l5TXkwMU56UmhMVFJtT0RVdE9ERTNNeTA1T1RFNVlURXhZVGM0TldZdwpJQmNOTWpJd01URTVNVEl3TURBNVdoZ1BNakExTWpBeE1USXhNekF3TURsYU1DOHhMVEFyQmdOVkJBTVRKR1kxCk16a3haakl6TFRVM05HRXROR1k0TlMwNE1UY3pMVGs1TVRsaE1URmhOemcxWmpDQ0FhSXdEUVlKS29aSWh2Y04KQVFFQkJRQURnZ0dQQURDQ0FZb0NnZ0dCQUt1OUl4SGQvVStRTUdBUUJxL3Z5OFB5SGJKV1o2NjRwdHBXcDc5Twp1WEMzSFowVHBTUVpvdVJTQ2l6UUN5K01EeWJHYktRcll2dGlvclFBQ2dFNVRKM0ZuK3NEV0ZTaG5LOHNjMUlXCm01bm5FSVdUNHp2amI3MzFibmE2VzZpd0txWHlwc25yYnh2aFVvQjNSS3ZLaFhUekxaTEpOS1laUzVhRU1zK08KODhjRmFZWnVJa2pMNTAxOURCR0lYK0o2eDNIamN5RlBwanhBcU9jQkdDdFArSWZWL3Z4eFNFQWZ1YkhyUXJpcgpnc1BNMG5OOWJmSGhNbmhTVm1EUnhlejZtdndVditReVNncnNzUjRPUlcwSkpPUXVzVU9MV1FKS0lBMVRwU21JCndZZzJ5V3dMOFY0WWNDeU9iVXE1TmZxZUVaNW9qKy9xVXp1VStJbTBZOS9hSnRmZUZjZ2V6UVRKL09qUmIyalUKc2NOeEdzOXJSZ1ZYWENvbThvc1VTbStjektnN3doZk1MQnI5V2JEcDQ0bFZsVHFPRDFSS21mYzlsSUM5THVEegpRUktaMHdXazFPTUVwc0o3Z3c3Y2svVjNZSW80eWFpZ0dGNmtvYklwY1NOZmxaU3E3NHFXWWNwSDFpazBWYS82CmFhRWJGdjdqeHYzTmxrUXNLV0VzdmI4ZzJRSURBUUFCbzBJd1FEQU9CZ05WSFE4QkFmOEVCQU1DQWdRd0R3WUQKVlIwVEFRSC9CQVV3QXdFQi96QWRCZ05WSFE0RUZnUVVPTmRMejRZWGtyNmpyT1lYb0Y0R21BQWhFUU13RFFZSgpLb1pJaHZjTkFRRUxCUUFEZ2dHQkFBaFJiTWJ2bUJ5ZUFkNytzQ2hMcDcwM0JBZzJCZVM0S3NwVlFHVGU0VXRWCnhGcUNTMXZqOTRQRVh6blVKZ0ZGbmxXcXBPVlpTZzh1YU56VEp5Q2Z5NnAvcEUyR3FoMmNHZWJPZ0diaElrZUYKZzJwdmFVZHZBY1hvTnl6RG9XTmdsQStUck5YcEV4M0l3MkRzQkV0UElPK1ZSUEtzenhTc1dBVXhYb3hmU0FQSQpxVndlUEJ6ZWVpay8wdlQxRkNqakZTU0JzS3lFbk51dTlESkdvaW8wUlRETFFrUlE5M2FkZ21ERlNOdDhTNDJnCndiZDJFTzU3Z1NiUjRKV0JwRnlsRCtQL1NnbWNJSVl3RlB0L21iaHlVTFJFckc4WlpKNi80Y2xQT0dKeS8yVkgKaWZyTzhueFZ5WGp1SGZmMzNwK2ZHWnpUZmkzcnI0OE1mbjBGYXlmLzh1R2VHRUtGZytSN1dFZy9HK2tRZi90OQpjcjYwSXZlckZaRklQaGR4Q2dyWUZydldoK0RSZzRxSXkxbWhjUG9sVDROMU0wcUJzNXdBbWVEY0ZtNzh4UDBGCkhRdklRdEFoNlhrZVRocjd6V0dRWk1NWThOTHFPWjNZNTlJZUViNnZNT2pBby9VczRZWmJweFlCMk8wcGlRTkYKWE9UQWt2NDJ3OENPMUI5YUhwajBZZz09Ci0tLS0tRU5EIENFUlRJRklDQVRFLS0tLS0K"
              }
            ],
            "master_authorized_networks_config": [],
            "master_version": "1.21.5-gke.1302",
            "min_master_version": null,
            "monitoring_config": [
              {
                "enable_components": [
                  "SYSTEM_COMPONENTS"
                ]
              }
            ],
            "monitoring_service": "monitoring.googleapis.com/kubernetes",
            "name": "lloyd-k8s-training",
            "network": "projects/elastic-cloud-dev/global/networks/lloyd-k8s-training",
            "network_policy": [
              {
                "enabled": false,
                "provider": "PROVIDER_UNSPECIFIED"
              }
            ],
            "networking_mode": "ROUTES",
            "node_config": [
              {
                "boot_disk_kms_key": "",
                "disk_size_gb": 100,
                "disk_type": "pd-standard",
                "gcfs_config": [],
                "guest_accelerator": [],
                "image_type": "COS_CONTAINERD",
                "labels": {},
                "local_ssd_count": 0,
                "machine_type": "e2-medium",
                "metadata": {
                  "disable-legacy-endpoints": "true"
                },
                "min_cpu_platform": "",
                "node_group": "",
                "oauth_scopes": [
                  "https://www.googleapis.com/auth/devstorage.read_only",
                  "https://www.googleapis.com/auth/logging.write",
                  "https://www.googleapis.com/auth/monitoring",
                  "https://www.googleapis.com/auth/service.management.readonly",
                  "https://www.googleapis.com/auth/servicecontrol",
                  "https://www.googleapis.com/auth/trace.append"
                ],
                "preemptible": false,
                "service_account": "default",
                "shielded_instance_config": [
                  {
                    "enable_integrity_monitoring": true,
                    "enable_secure_boot": false
                  }
                ],
                "tags": [],
                "taint": [],
                "workload_metadata_config": []
              }
            ],
            "node_locations": [],
            "node_pool": [
              {
                "autoscaling": [],
                "initial_node_count": 0,
                "instance_group_urls": [
                  "https://www.googleapis.com/compute/v1/projects/elastic-cloud-dev/zones/asia-northeast1-a/instanceGroupManagers/gke-lloyd-k8s-training-builtin-03fabe60-grp"
                ],
                "managed_instance_group_urls": [
                  "https://www.googleapis.com/compute/v1/projects/elastic-cloud-dev/zones/asia-northeast1-a/instanceGroups/gke-lloyd-k8s-training-builtin-03fabe60-grp"
                ],
                "management": [
                  {
                    "auto_repair": true,
                    "auto_upgrade": true
                  }
                ],
                "max_pods_per_node": 0,
                "name": "builtin",
                "name_prefix": "",
                "node_config": [
                  {
                    "boot_disk_kms_key": "",
                    "disk_size_gb": 100,
                    "disk_type": "pd-standard",
                    "gcfs_config": [],
                    "guest_accelerator": [],
                    "image_type": "COS_CONTAINERD",
                    "labels": {},
                    "local_ssd_count": 0,
                    "machine_type": "e2-medium",
                    "metadata": {
                      "disable-legacy-endpoints": "true"
                    },
                    "min_cpu_platform": "",
                    "node_group": "",
                    "oauth_scopes": [
                      "https://www.googleapis.com/auth/devstorage.read_only",
                      "https://www.googleapis.com/auth/logging.write",
                      "https://www.googleapis.com/auth/monitoring",
                      "https://www.googleapis.com/auth/service.management.readonly",
                      "https://www.googleapis.com/auth/servicecontrol",
                      "https://www.googleapis.com/auth/trace.append"
                    ],
                    "preemptible": false,
                    "service_account": "default",
                    "shielded_instance_config": [
                      {
                        "enable_integrity_monitoring": true,
                        "enable_secure_boot": false
                      }
                    ],
                    "tags": [],
                    "taint": [],
                    "workload_metadata_config": []
                  }
                ],
                "node_count": 0,
                "node_locations": [
                  "asia-northeast1-a"
                ],
                "upgrade_settings": [
                  {
                    "max_surge": 1,
                    "max_unavailable": 0
                  }
                ],
                "version": "1.21.5-gke.1302"
              }
            ],
            "node_version": "1.21.5-gke.1302",
            "operation": null,
            "private_cluster_config": [],
            "private_ipv6_google_access": "",
            "project": "elastic-cloud-dev",
            "release_channel": [
              {
                "channel": "REGULAR"
              }
            ],
            "remove_default_node_pool": null,
            "resource_labels": null,
            "resource_usage_export_config": [],
            "self_link": "https://container.googleapis.com/v1/projects/elastic-cloud-dev/zones/asia-northeast1-a/clusters/lloyd-k8s-training",
            "services_ipv4_cidr": "10.43.240.0/20",
            "subnetwork": "projects/elastic-cloud-dev/regions/asia-northeast1/subnetworks/lloyd-k8s-training",
            "timeouts": null,
            "tpu_ipv4_cidr_block": "",
            "vertical_pod_autoscaling": [],
            "workload_identity_config": []
          },
          "sensitive_attributes": [],
          "private": "eyJlMmJmYjczMC1lY2FhLTExZTYtOGY4OC0zNDM2M2JjN2M0YzAiOnsiY3JlYXRlIjoyNDAwMDAwMDAwMDAwLCJkZWxldGUiOjI0MDAwMDAwMDAwMDAsInJlYWQiOjI0MDAwMDAwMDAwMDAsInVwZGF0ZSI6MzYwMDAwMDAwMDAwMH0sInNjaGVtYV92ZXJzaW9uIjoiMSJ9",
          "dependencies": [
            "google_compute_network.main"
          ]
        }
      ]
    },
    {
      "mode": "managed",
      "type": "google_container_node_pool",
      "name": "ondemand",
      "provider": "provider[\"registry.terraform.io/hashicorp/google\"]",
      "instances": [
        {
          "schema_version": 1,
          "attributes": {
            "autoscaling": [
              {
                "max_node_count": 5,
                "min_node_count": 0
              }
            ],
            "cluster": "projects/elastic-cloud-dev/locations/asia-northeast1-a/clusters/lloyd-k8s-training",
            "id": "projects/elastic-cloud-dev/locations/asia-northeast1-a/clusters/lloyd-k8s-training/nodePools/ondemand",
            "initial_node_count": 0,
            "instance_group_urls": [
              "https://www.googleapis.com/compute/v1/projects/elastic-cloud-dev/zones/asia-northeast1-a/instanceGroupManagers/gke-lloyd-k8s-training-ondemand-e2bfa894-grp"
            ],
            "location": "asia-northeast1-a",
            "managed_instance_group_urls": [
              "https://www.googleapis.com/compute/v1/projects/elastic-cloud-dev/zones/asia-northeast1-a/instanceGroups/gke-lloyd-k8s-training-ondemand-e2bfa894-grp"
            ],
            "management": [
              {
                "auto_repair": true,
                "auto_upgrade": true
              }
            ],
            "max_pods_per_node": null,
            "name": "ondemand",
            "name_prefix": "",
            "node_config": [
              {
                "boot_disk_kms_key": "",
                "disk_size_gb": 100,
                "disk_type": "pd-standard",
                "gcfs_config": [],
                "guest_accelerator": [],
                "image_type": "COS_CONTAINERD",
                "labels": {
                  "pool": "ondemand"
                },
                "local_ssd_count": 0,
                "machine_type": "e2-medium",
                "metadata": {
                  "disable-legacy-endpoints": "true"
                },
                "min_cpu_platform": "",
                "node_group": "",
                "oauth_scopes": [
                  "https://www.googleapis.com/auth/logging.write",
                  "https://www.googleapis.com/auth/monitoring"
                ],
                "preemptible": false,
                "service_account": "default",
                "shielded_instance_config": [
                  {
                    "enable_integrity_monitoring": true,
                    "enable_secure_boot": false
                  }
                ],
                "tags": null,
                "taint": [],
                "workload_metadata_config": []
              }
            ],
            "node_count": 0,
            "node_locations": [
              "asia-northeast1-a"
            ],
            "operation": null,
            "project": "elastic-cloud-dev",
            "timeouts": null,
            "upgrade_settings": [
              {
                "max_surge": 1,
                "max_unavailable": 0
              }
            ],
            "version": "1.21.5-gke.1302"
          },
          "sensitive_attributes": [],
          "private": "eyJlMmJmYjczMC1lY2FhLTExZTYtOGY4OC0zNDM2M2JjN2M0YzAiOnsiY3JlYXRlIjoxODAwMDAwMDAwMDAwLCJkZWxldGUiOjE4MDAwMDAwMDAwMDAsInVwZGF0ZSI6MTgwMDAwMDAwMDAwMH0sInNjaGVtYV92ZXJzaW9uIjoiMSJ9",
          "dependencies": [
            "google_compute_network.main",
            "google_container_cluster.k8s-cluster"
          ]
        }
      ]
    },
    {
      "mode": "managed",
      "type": "google_container_node_pool",
      "name": "preemptible",
      "provider": "provider[\"registry.terraform.io/hashicorp/google\"]",
      "instances": [
        {
          "schema_version": 1,
          "attributes": {
            "autoscaling": [
              {
                "max_node_count": 5,
                "min_node_count": 1
              }
            ],
            "cluster": "projects/elastic-cloud-dev/locations/asia-northeast1-a/clusters/lloyd-k8s-training",
            "id": "projects/elastic-cloud-dev/locations/asia-northeast1-a/clusters/lloyd-k8s-training/nodePools/preemptible",
            "initial_node_count": 1,
            "instance_group_urls": [
              "https://www.googleapis.com/compute/v1/projects/elastic-cloud-dev/zones/asia-northeast1-a/instanceGroupManagers/gke-lloyd-k8s-training-preemptible-66277f3c-grp"
            ],
            "location": "asia-northeast1-a",
            "managed_instance_group_urls": [
              "https://www.googleapis.com/compute/v1/projects/elastic-cloud-dev/zones/asia-northeast1-a/instanceGroups/gke-lloyd-k8s-training-preemptible-66277f3c-grp"
            ],
            "management": [
              {
                "auto_repair": true,
                "auto_upgrade": true
              }
            ],
            "max_pods_per_node": null,
            "name": "preemptible",
            "name_prefix": "",
            "node_config": [
              {
                "boot_disk_kms_key": "",
                "disk_size_gb": 100,
                "disk_type": "pd-standard",
                "gcfs_config": [],
                "guest_accelerator": [],
                "image_type": "COS_CONTAINERD",
                "labels": {
                  "pool": "preemptible"
                },
                "local_ssd_count": 0,
                "machine_type": "e2-medium",
                "metadata": {
                  "disable-legacy-endpoints": "true"
                },
                "min_cpu_platform": "",
                "node_group": "",
                "oauth_scopes": [
                  "https://www.googleapis.com/auth/logging.write",
                  "https://www.googleapis.com/auth/monitoring"
                ],
                "preemptible": true,
                "service_account": "default",
                "shielded_instance_config": [
                  {
                    "enable_integrity_monitoring": true,
                    "enable_secure_boot": false
                  }
                ],
                "tags": null,
                "taint": [],
                "workload_metadata_config": []
              }
            ],
            "node_count": 1,
            "node_locations": [
              "asia-northeast1-a"
            ],
            "operation": null,
            "project": "elastic-cloud-dev",
            "timeouts": null,
            "upgrade_settings": [
              {
                "max_surge": 1,
                "max_unavailable": 0
              }
            ],
            "version": "1.21.5-gke.1302"
          },
          "sensitive_attributes": [],
          "private": "eyJlMmJmYjczMC1lY2FhLTExZTYtOGY4OC0zNDM2M2JjN2M0YzAiOnsiY3JlYXRlIjoxODAwMDAwMDAwMDAwLCJkZWxldGUiOjE4MDAwMDAwMDAwMDAsInVwZGF0ZSI6MTgwMDAwMDAwMDAwMH0sInNjaGVtYV92ZXJzaW9uIjoiMSJ9",
          "dependencies": [
            "google_compute_network.main",
            "google_container_cluster.k8s-cluster"
          ]
        }
      ]
    }
  ]
}
