{
  "version": 4,
  "terraform_version": "1.1.3",
  "serial": 60,
  "lineage": "8a5380a9-7130-3770-318c-9748782c7a8b",
  "outputs": {},
  "resources": [
    {
      "mode": "managed",
      "type": "google_compute_network",
      "name": "main",
      "provider": "provider[\"registry.terraform.io/hashicorp/google\"]",
      "instances": [
        {
          "schema_version": 0,
          "attributes": {
            "auto_create_subnetworks": false,
            "delete_default_routes_on_create": false,
            "description": "",
            "gateway_ipv4": "",
            "id": "projects/elastic-cloud-dev/global/networks/lloyd-k8s-training",
            "mtu": 0,
            "name": "lloyd-k8s-training",
            "project": "elastic-cloud-dev",
            "routing_mode": "REGIONAL",
            "self_link": "https://www.googleapis.com/compute/v1/projects/elastic-cloud-dev/global/networks/lloyd-k8s-training",
            "timeouts": null
          },
          "sensitive_attributes": [],
          "private": "eyJlMmJmYjczMC1lY2FhLTExZTYtOGY4OC0zNDM2M2JjN2M0YzAiOnsiY3JlYXRlIjoyNDAwMDAwMDAwMDAsImRlbGV0ZSI6MjQwMDAwMDAwMDAwLCJ1cGRhdGUiOjI0MDAwMDAwMDAwMH19"
        }
      ]
    },
    {
      "mode": "managed",
      "type": "google_compute_subnetwork",
      "name": "_",
      "provider": "provider[\"registry.terraform.io/hashicorp/google\"]",
      "instances": [
        {
          "schema_version": 0,
          "attributes": {
            "creation_timestamp": "2022-01-19T22:48:38.021-08:00",
            "description": "",
            "external_ipv6_prefix": "",
            "fingerprint": null,
            "gateway_address": "10.0.0.1",
            "id": "projects/elastic-cloud-dev/regions/asia-northeast1/subnetworks/lloyd-k8s-training",
            "ip_cidr_range": "10.0.0.0/12",
            "ipv6_access_type": "",
            "ipv6_cidr_range": "",
            "log_config": [],
            "name": "lloyd-k8s-training",
            "network": "https://www.googleapis.com/compute/v1/projects/elastic-cloud-dev/global/networks/lloyd-k8s-training",
            "private_ip_google_access": false,
            "private_ipv6_google_access": "DISABLE_GOOGLE_ACCESS",
            "project": "elastic-cloud-dev",
            "purpose": "PRIVATE",
            "region": "asia-northeast1",
            "role": "",
            "secondary_ip_range": [],
            "self_link": "https://www.googleapis.com/compute/v1/projects/elastic-cloud-dev/regions/asia-northeast1/subnetworks/lloyd-k8s-training",
            "stack_type": "IPV4_ONLY",
            "timeouts": null
          },
          "sensitive_attributes": [],
          "private": "eyJlMmJmYjczMC1lY2FhLTExZTYtOGY4OC0zNDM2M2JjN2M0YzAiOnsiY3JlYXRlIjozNjAwMDAwMDAwMDAsImRlbGV0ZSI6MzYwMDAwMDAwMDAwLCJ1cGRhdGUiOjM2MDAwMDAwMDAwMH19",
          "dependencies": [
            "google_compute_network.main"
          ]
        }
      ]
    },
    {
      "mode": "managed",
      "type": "google_container_cluster",
      "name": "k8s-cluster",
      "provider": "provider[\"registry.terraform.io/hashicorp/google\"]",
      "instances": [
        {
          "schema_version": 1,
          "attributes": {
            "addons_config": [
              {
                "cloudrun_config": [],
                "horizontal_pod_autoscaling": [],
                "http_load_balancing": [],
                "network_policy_config": [
                  {
                    "disabled": true
                  }
                ]
              }
            ],
            "authenticator_groups_config": [],
            "cluster_autoscaling": [
              {
                "auto_provisioning_defaults": [],
                "enabled": false,
                "resource_limits": []
              }
            ],
            "cluster_ipv4_cidr": "10.16.0.0/12",
            "confidential_nodes": [],
            "database_encryption": [
              {
                "key_name": "",
                "state": "DECRYPTED"
              }
            ],
            "datapath_provider": "",
            "default_max_pods_per_node": 110,
            "default_snat_status": [
              {
                "disabled": false
              }
            ],
            "description": "",
            "enable_autopilot": false,
            "enable_binary_authorization": false,
            "enable_intranode_visibility": false,
            "enable_kubernetes_alpha": false,
            "enable_legacy_abac": false,
            "enable_shielded_nodes": true,
            "enable_tpu": false,
            "endpoint": "104.198.88.54",
            "id": "projects/elastic-cloud-dev/locations/asia-northeast1-a/clusters/lloyd-k8s-training",
            "initial_node_count": 0,
            "ip_allocation_policy": [
              {
                "cluster_ipv4_cidr_block": "10.16.0.0/12",
                "cluster_secondary_range_name": "gke-lloyd-k8s-training-pods-990b04d4",
                "services_ipv4_cidr_block": "10.43.32.0/20",
                "services_secondary_range_name": "gke-lloyd-k8s-training-services-990b04d4"
              }
            ],
            "label_fingerprint": "a9dc16a7",
            "location": "asia-northeast1-a",
            "logging_config": [
              {
                "enable_components": [
                  "SYSTEM_COMPONENTS",
                  "WORKLOADS"
                ]
              }
            ],
            "logging_service": "logging.googleapis.com/kubernetes",
            "maintenance_policy": [],
            "master_auth": [
              {
                "client_certificate": "",
                "client_certificate_config": [
                  {
                    "issue_client_certificate": false
                  }
                ],
                "client_key": "",
                "cluster_ca_certificate": "LS0tLS1CRUdJTiBDRVJUSUZJQ0FURS0tLS0tCk1JSUVMRENDQXBTZ0F3SUJBZ0lRWXFsQjFIb0VHU2plb0JtaUdGcmUrekFOQmdrcWhraUc5dzBCQVFzRkFEQXYKTVMwd0t3WURWUVFERXlRek1qQmtaVE13T0Mwd1l6WXpMVFJoTTJNdFlqQmhaUzAyTVRsbVlUQm1aRFkxWmprdwpJQmNOTWpJd01USXdNRFUxTlRBeldoZ1BNakExTWpBeE1UTXdOalUxTUROYU1DOHhMVEFyQmdOVkJBTVRKRE15Ck1HUmxNekE0TFRCak5qTXROR0V6WXkxaU1HRmxMVFl4T1daaE1HWmtOalZtT1RDQ0FhSXdEUVlKS29aSWh2Y04KQVFFQkJRQURnZ0dQQURDQ0FZb0NnZ0dCQU9EM2kxT2NybGREa2VydmVNaVN3cGFjaE51MG5YYnQzRFd5U0pGTgpvSmh6Mmc2UmppWWZwbnRwR09mWmJZazhldXdTSXJiemljOG1KVGZGMjVwL2dRUkFmdlZCWFlOVTEvdzZCSGhwCmZDYmJiTUtvV1h1QVd5Mk1WRW83czBIbVZYOWw0Y3hBcmU4dEtzZmpRZHpZb1FpTjF4QThJR01VSXpEL1hSZ1MKRys0T0l6c2dpeWpDWEdVcHlGQitoYkNmRG1WdzdsWGFFcGxjRDM2eE5ia2owaThZcFYxSFNIYWVCTU1mZFJCdgp3WVJ0bnBXa3gyc0gzaU0waG1iajVjZ3Y3ZGIxeHpkOTVaRnRBTUxqeDlXa2NIY3Z0ZDlKSk1NeGY0UUNGb2NQCjExcEJZemNzM1RVSVBQeGo5d1hOSUpyM2hsN3pIYjB4VDVZWFpXbHhPV0ZZSlFpazNkc2hMREtHbkRBcS9OeXkKWmcwZk41dmE2UUhHL1BjeTRYZzd3NEN3QUJScmNXRTFjNTdCeS9BWVhUZWloWmJFZ2xpWTYyZEh6dS9EWHBpZwpSbTczTG5ka0tPdGFqVFdhWkF1MVRkVkFNNTkvRXVQQk4weTEzdUUrdlNvcXRNUlNzRWUwWjkrNWJpYTlzOGNrCmYxYy8vKzRpSmtReFJiNm0wMXFoQkhMeFBRSURBUUFCbzBJd1FEQU9CZ05WSFE4QkFmOEVCQU1DQWdRd0R3WUQKVlIwVEFRSC9CQVV3QXdFQi96QWRCZ05WSFE0RUZnUVVUbjE5NnBGZjBnVndiMFpvRGdEaGRVempDd013RFFZSgpLb1pJaHZjTkFRRUxCUUFEZ2dHQkFCdG16ZEFlREx5bTd6WjlDQmUwODV5LzdLTzNYU0wwSXFsa0VSZjRnQVRvCkw0Y1A3QlpBRFlUUjhoNGQwOVQ4UjJuVXdjVnE4cnBGQnRoUnZVOTM4TGF3WU5PZVZ2ZHlQVithN1lMV3cxbFkKTzVOWGtDMjNEdjBWaU1NUHkwU1l5d3dienZLeS9DTGxGZzh1UHBoQkxpVnphMWdMMWxuenBrRW1yOXhjZXNYago1cFNVcWc5eDg4a094d21ZTEdtYUhjRFhQQlVCUThoNnZNMHBEdWtyNzErUDZDQTFUNjI3ZGNkY3cyeGk0MThuCnhCNjVSN3hxL1UwUjZUZFA0S3JGVVZZYUYzR1VkR1ZhSEtVVittTS85QjJSYU5RNUJ2SUFDQUlCbnRTbHlYSG4KUE1jc3VkTmo5eXNaRCtPTWtPNko0djhDdDFlSUREd2FucHZ5bnN2akNlbEFiTDk3ODhPL1dObFFpUEFJSCt3SApQSUM1Rkl3S0QxZUZsNXFjc3FJSWE4OUxaNzN6ekhRVGsrb3FzSjcxNVI3VHJZdGdVS2JRSGF4TmhJSXRNMUVxCm0vVHdDSWxweDhnNDBXZ3RwcEF6aTBneEszQ3JwVTk2WDM4bWplbTlMNzl4WmVILzhRNUczazhsUnBOUzdwZjcKYk1HSWdvR0lZUUVvNUFmRjd2eGVZUT09Ci0tLS0tRU5EIENFUlRJRklDQVRFLS0tLS0K"
              }
            ],
            "master_authorized_networks_config": [],
            "master_version": "1.21.5-gke.1302",
            "min_master_version": null,
            "monitoring_config": [
              {
                "enable_components": [
                  "SYSTEM_COMPONENTS"
                ]
              }
            ],
            "monitoring_service": "monitoring.googleapis.com/kubernetes",
            "name": "lloyd-k8s-training",
            "network": "projects/elastic-cloud-dev/global/networks/lloyd-k8s-training",
            "network_policy": [
              {
                "enabled": false,
                "provider": "PROVIDER_UNSPECIFIED"
              }
            ],
            "networking_mode": "VPC_NATIVE",
            "node_config": [
              {
                "boot_disk_kms_key": "",
                "disk_size_gb": 100,
                "disk_type": "pd-standard",
                "gcfs_config": [],
                "guest_accelerator": [],
                "image_type": "COS_CONTAINERD",
                "labels": {},
                "local_ssd_count": 0,
                "machine_type": "e2-medium",
                "metadata": {
                  "disable-legacy-endpoints": "true"
                },
                "min_cpu_platform": "",
                "node_group": "",
                "oauth_scopes": [
                  "https://www.googleapis.com/auth/devstorage.read_only",
                  "https://www.googleapis.com/auth/logging.write",
                  "https://www.googleapis.com/auth/monitoring",
                  "https://www.googleapis.com/auth/service.management.readonly",
                  "https://www.googleapis.com/auth/servicecontrol",
                  "https://www.googleapis.com/auth/trace.append"
                ],
                "preemptible": false,
                "service_account": "default",
                "shielded_instance_config": [
                  {
                    "enable_integrity_monitoring": true,
                    "enable_secure_boot": false
                  }
                ],
                "tags": [],
                "taint": [],
                "workload_metadata_config": []
              }
            ],
            "node_locations": [],
            "node_pool": [
              {
                "autoscaling": [],
                "initial_node_count": 0,
                "instance_group_urls": [
                  "https://www.googleapis.com/compute/v1/projects/elastic-cloud-dev/zones/asia-northeast1-a/instanceGroupManagers/gke-lloyd-k8s-training-builtin-708da457-grp"
                ],
                "managed_instance_group_urls": [
                  "https://www.googleapis.com/compute/v1/projects/elastic-cloud-dev/zones/asia-northeast1-a/instanceGroups/gke-lloyd-k8s-training-builtin-708da457-grp"
                ],
                "management": [
                  {
                    "auto_repair": true,
                    "auto_upgrade": true
                  }
                ],
                "max_pods_per_node": 110,
                "name": "builtin",
                "name_prefix": "",
                "node_config": [
                  {
                    "boot_disk_kms_key": "",
                    "disk_size_gb": 100,
                    "disk_type": "pd-standard",
                    "gcfs_config": [],
                    "guest_accelerator": [],
                    "image_type": "COS_CONTAINERD",
                    "labels": {},
                    "local_ssd_count": 0,
                    "machine_type": "e2-medium",
                    "metadata": {
                      "disable-legacy-endpoints": "true"
                    },
                    "min_cpu_platform": "",
                    "node_group": "",
                    "oauth_scopes": [
                      "https://www.googleapis.com/auth/devstorage.read_only",
                      "https://www.googleapis.com/auth/logging.write",
                      "https://www.googleapis.com/auth/monitoring",
                      "https://www.googleapis.com/auth/service.management.readonly",
                      "https://www.googleapis.com/auth/servicecontrol",
                      "https://www.googleapis.com/auth/trace.append"
                    ],
                    "preemptible": false,
                    "service_account": "default",
                    "shielded_instance_config": [
                      {
                        "enable_integrity_monitoring": true,
                        "enable_secure_boot": false
                      }
                    ],
                    "tags": [],
                    "taint": [],
                    "workload_metadata_config": []
                  }
                ],
                "node_count": 0,
                "node_locations": [
                  "asia-northeast1-a"
                ],
                "upgrade_settings": [
                  {
                    "max_surge": 1,
                    "max_unavailable": 0
                  }
                ],
                "version": "1.21.5-gke.1302"
              }
            ],
            "node_version": "1.21.5-gke.1302",
            "operation": null,
            "private_cluster_config": [],
            "private_ipv6_google_access": "",
            "project": "elastic-cloud-dev",
            "release_channel": [
              {
                "channel": "REGULAR"
              }
            ],
            "remove_default_node_pool": null,
            "resource_labels": null,
            "resource_usage_export_config": [],
            "self_link": "https://container.googleapis.com/v1/projects/elastic-cloud-dev/zones/asia-northeast1-a/clusters/lloyd-k8s-training",
            "services_ipv4_cidr": "10.43.32.0/20",
            "subnetwork": "projects/elastic-cloud-dev/regions/asia-northeast1/subnetworks/lloyd-k8s-training",
            "timeouts": null,
            "tpu_ipv4_cidr_block": "",
            "vertical_pod_autoscaling": [],
            "workload_identity_config": []
          },
          "sensitive_attributes": [],
          "private": "eyJlMmJmYjczMC1lY2FhLTExZTYtOGY4OC0zNDM2M2JjN2M0YzAiOnsiY3JlYXRlIjoyNDAwMDAwMDAwMDAwLCJkZWxldGUiOjI0MDAwMDAwMDAwMDAsInJlYWQiOjI0MDAwMDAwMDAwMDAsInVwZGF0ZSI6MzYwMDAwMDAwMDAwMH0sInNjaGVtYV92ZXJzaW9uIjoiMSJ9",
          "dependencies": [
            "google_compute_network.main",
            "google_compute_subnetwork._"
          ]
        }
      ]
    },
    {
      "mode": "managed",
      "type": "google_container_node_pool",
      "name": "ondemand",
      "provider": "provider[\"registry.terraform.io/hashicorp/google\"]",
      "instances": [
        {
          "schema_version": 1,
          "attributes": {
            "autoscaling": [
              {
                "max_node_count": 5,
                "min_node_count": 0
              }
            ],
            "cluster": "projects/elastic-cloud-dev/locations/asia-northeast1-a/clusters/lloyd-k8s-training",
            "id": "projects/elastic-cloud-dev/locations/asia-northeast1-a/clusters/lloyd-k8s-training/nodePools/ondemand",
            "initial_node_count": 0,
            "instance_group_urls": [
              "https://www.googleapis.com/compute/v1/projects/elastic-cloud-dev/zones/asia-northeast1-a/instanceGroupManagers/gke-lloyd-k8s-training-ondemand-9ba2327d-grp"
            ],
            "location": "asia-northeast1-a",
            "managed_instance_group_urls": [
              "https://www.googleapis.com/compute/v1/projects/elastic-cloud-dev/zones/asia-northeast1-a/instanceGroups/gke-lloyd-k8s-training-ondemand-9ba2327d-grp"
            ],
            "management": [
              {
                "auto_repair": true,
                "auto_upgrade": true
              }
            ],
            "max_pods_per_node": 110,
            "name": "ondemand",
            "name_prefix": "",
            "node_config": [
              {
                "boot_disk_kms_key": "",
                "disk_size_gb": 100,
                "disk_type": "pd-standard",
                "gcfs_config": [],
                "guest_accelerator": [],
                "image_type": "COS_CONTAINERD",
                "labels": {
                  "pool": "ondemand"
                },
                "local_ssd_count": 0,
                "machine_type": "e2-medium",
                "metadata": {
                  "disable-legacy-endpoints": "true"
                },
                "min_cpu_platform": "",
                "node_group": "",
                "oauth_scopes": [
                  "https://www.googleapis.com/auth/logging.write",
                  "https://www.googleapis.com/auth/monitoring"
                ],
                "preemptible": false,
                "service_account": "default",
                "shielded_instance_config": [
                  {
                    "enable_integrity_monitoring": true,
                    "enable_secure_boot": false
                  }
                ],
                "tags": null,
                "taint": [],
                "workload_metadata_config": []
              }
            ],
            "node_count": 0,
            "node_locations": [
              "asia-northeast1-a"
            ],
            "operation": null,
            "project": "elastic-cloud-dev",
            "timeouts": null,
            "upgrade_settings": [
              {
                "max_surge": 1,
                "max_unavailable": 0
              }
            ],
            "version": "1.21.5-gke.1302"
          },
          "sensitive_attributes": [],
          "private": "eyJlMmJmYjczMC1lY2FhLTExZTYtOGY4OC0zNDM2M2JjN2M0YzAiOnsiY3JlYXRlIjoxODAwMDAwMDAwMDAwLCJkZWxldGUiOjE4MDAwMDAwMDAwMDAsInVwZGF0ZSI6MTgwMDAwMDAwMDAwMH0sInNjaGVtYV92ZXJzaW9uIjoiMSJ9",
          "dependencies": [
            "google_compute_network.main",
            "google_compute_subnetwork._",
            "google_container_cluster.k8s-cluster"
          ]
        }
      ]
    },
    {
      "mode": "managed",
      "type": "google_container_node_pool",
      "name": "preemptible",
      "provider": "provider[\"registry.terraform.io/hashicorp/google\"]",
      "instances": [
        {
          "schema_version": 1,
          "attributes": {
            "autoscaling": [
              {
                "max_node_count": 5,
                "min_node_count": 1
              }
            ],
            "cluster": "projects/elastic-cloud-dev/locations/asia-northeast1-a/clusters/lloyd-k8s-training",
            "id": "projects/elastic-cloud-dev/locations/asia-northeast1-a/clusters/lloyd-k8s-training/nodePools/preemptible",
            "initial_node_count": 1,
            "instance_group_urls": [
              "https://www.googleapis.com/compute/v1/projects/elastic-cloud-dev/zones/asia-northeast1-a/instanceGroupManagers/gke-lloyd-k8s-training-preemptible-4c2e2079-grp"
            ],
            "location": "asia-northeast1-a",
            "managed_instance_group_urls": [
              "https://www.googleapis.com/compute/v1/projects/elastic-cloud-dev/zones/asia-northeast1-a/instanceGroups/gke-lloyd-k8s-training-preemptible-4c2e2079-grp"
            ],
            "management": [
              {
                "auto_repair": true,
                "auto_upgrade": true
              }
            ],
            "max_pods_per_node": 110,
            "name": "preemptible",
            "name_prefix": "",
            "node_config": [
              {
                "boot_disk_kms_key": "",
                "disk_size_gb": 100,
                "disk_type": "pd-standard",
                "gcfs_config": [],
                "guest_accelerator": [],
                "image_type": "COS_CONTAINERD",
                "labels": {
                  "pool": "preemptible"
                },
                "local_ssd_count": 0,
                "machine_type": "e2-medium",
                "metadata": {
                  "disable-legacy-endpoints": "true"
                },
                "min_cpu_platform": "",
                "node_group": "",
                "oauth_scopes": [
                  "https://www.googleapis.com/auth/logging.write",
                  "https://www.googleapis.com/auth/monitoring"
                ],
                "preemptible": true,
                "service_account": "default",
                "shielded_instance_config": [
                  {
                    "enable_integrity_monitoring": true,
                    "enable_secure_boot": false
                  }
                ],
                "tags": null,
                "taint": [],
                "workload_metadata_config": []
              }
            ],
            "node_count": 1,
            "node_locations": [
              "asia-northeast1-a"
            ],
            "operation": null,
            "project": "elastic-cloud-dev",
            "timeouts": null,
            "upgrade_settings": [
              {
                "max_surge": 1,
                "max_unavailable": 0
              }
            ],
            "version": "1.21.5-gke.1302"
          },
          "sensitive_attributes": [],
          "private": "eyJlMmJmYjczMC1lY2FhLTExZTYtOGY4OC0zNDM2M2JjN2M0YzAiOnsiY3JlYXRlIjoxODAwMDAwMDAwMDAwLCJkZWxldGUiOjE4MDAwMDAwMDAwMDAsInVwZGF0ZSI6MTgwMDAwMDAwMDAwMH0sInNjaGVtYV92ZXJzaW9uIjoiMSJ9",
          "dependencies": [
            "google_compute_network.main",
            "google_compute_subnetwork._",
            "google_container_cluster.k8s-cluster"
          ]
        }
      ]
    }
  ]
}
