{
    "version": 3,
    "terraform_version": "0.11.15",
    "serial": 2,
    "lineage": "8a5380a9-7130-3770-318c-9748782c7a8b",
    "modules": [
        {
            "path": [
                "root"
            ],
            "outputs": {},
            "resources": {
                "google_compute_network.main": {
                    "type": "google_compute_network",
                    "depends_on": [],
                    "primary": {
                        "id": "lloyd-k8s-training",
                        "attributes": {
                            "auto_create_subnetworks": "true",
                            "delete_default_routes_on_create": "false",
                            "description": "",
                            "gateway_ipv4": "",
                            "id": "lloyd-k8s-training",
                            "ipv4_range": "",
                            "name": "lloyd-k8s-training",
                            "project": "elastic-cloud-dev",
                            "routing_mode": "REGIONAL",
                            "self_link": "https://www.googleapis.com/compute/v1/projects/elastic-cloud-dev/global/networks/lloyd-k8s-training"
                        },
                        "meta": {
                            "e2bfb730-ecaa-11e6-8f88-34363bc7c4c0": {
                                "create": 240000000000,
                                "delete": 240000000000,
                                "update": 240000000000
                            }
                        },
                        "tainted": false
                    },
                    "deposed": [],
                    "provider": "provider.google"
                },
                "google_container_cluster.k8s-cluster": {
                    "type": "google_container_cluster",
                    "depends_on": [
                        "google_compute_network.main"
                    ],
                    "primary": {
                        "id": "lloyd-k8s-training",
                        "attributes": {
                            "additional_zones.#": "3",
                            "additional_zones.2275771321": "asia-northeast1-b",
                            "additional_zones.2663297784": "asia-northeast1-c",
                            "additional_zones.2894647418": "asia-northeast1-a",
                            "addons_config.#": "1",
                            "addons_config.0.horizontal_pod_autoscaling.#": "0",
                            "addons_config.0.http_load_balancing.#": "0",
                            "addons_config.0.kubernetes_dashboard.#": "1",
                            "addons_config.0.kubernetes_dashboard.0.disabled": "true",
                            "addons_config.0.network_policy_config.#": "1",
                            "addons_config.0.network_policy_config.0.disabled": "true",
                            "cluster_autoscaling.#": "0",
                            "cluster_ipv4_cidr": "10.72.0.0/14",
                            "default_max_pods_per_node": "110",
                            "description": "",
                            "enable_kubernetes_alpha": "false",
                            "enable_legacy_abac": "false",
                            "endpoint": "34.84.106.246",
                            "id": "lloyd-k8s-training",
                            "initial_node_count": "1",
                            "instance_group_urls.#": "3",
                            "instance_group_urls.0": "https://www.googleapis.com/compute/v1/projects/elastic-cloud-dev/zones/asia-northeast1-a/instanceGroups/gke-lloyd-k8s-training-default-pool-fc16c849-grp",
                            "instance_group_urls.1": "https://www.googleapis.com/compute/v1/projects/elastic-cloud-dev/zones/asia-northeast1-b/instanceGroups/gke-lloyd-k8s-training-default-pool-11ebb5f4-grp",
                            "instance_group_urls.2": "https://www.googleapis.com/compute/v1/projects/elastic-cloud-dev/zones/asia-northeast1-c/instanceGroups/gke-lloyd-k8s-training-default-pool-e3881e86-grp",
                            "ip_allocation_policy.#": "1",
                            "ip_allocation_policy.0.cluster_ipv4_cidr_block": "10.72.0.0/14",
                            "ip_allocation_policy.0.cluster_secondary_range_name": "gke-lloyd-k8s-training-pods-ef5910d3",
                            "ip_allocation_policy.0.create_subnetwork": "false",
                            "ip_allocation_policy.0.node_ipv4_cidr_block": "10.146.0.0/20",
                            "ip_allocation_policy.0.services_ipv4_cidr_block": "10.76.0.0/20",
                            "ip_allocation_policy.0.services_secondary_range_name": "gke-lloyd-k8s-training-services-ef5910d3",
                            "ip_allocation_policy.0.subnetwork_name": "",
                            "ip_allocation_policy.0.use_ip_aliases": "true",
                            "location": "asia-northeast1",
                            "logging_service": "logging.googleapis.com/kubernetes",
                            "maintenance_policy.#": "0",
                            "master_auth.#": "1",
                            "master_auth.0.client_certificate": "",
                            "master_auth.0.client_certificate_config.#": "1",
                            "master_auth.0.client_certificate_config.0.issue_client_certificate": "false",
                            "master_auth.0.client_key": "",
                            "master_auth.0.cluster_ca_certificate": "LS0tLS1CRUdJTiBDRVJUSUZJQ0FURS0tLS0tCk1JSUVMVENDQXBXZ0F3SUJBZ0lSQU5LbUhZd0IzbDBsaTlYaDZEREtwMHN3RFFZSktvWklodmNOQVFFTEJRQXcKTHpFdE1Dc0dBMVVFQXhNa016TmlZVEU0WmpRdFlUUTVaQzAwTkdFNExUazNabUV0TldRNFptSTBZekF6WVRJMQpNQ0FYRFRJeU1ERXhPVEE1TWpnMU1sb1lEekl3TlRJd01URXlNVEF5T0RVeVdqQXZNUzB3S3dZRFZRUURFeVF6Ck0ySmhNVGhtTkMxaE5EbGtMVFEwWVRndE9UZG1ZUzAxWkRobVlqUmpNRE5oTWpVd2dnR2lNQTBHQ1NxR1NJYjMKRFFFQkFRVUFBNElCandBd2dnR0tBb0lCZ1FDa3V6NzFRc0ZJZ0hMekxTcEVZRTVjb29HMHVNVVdXblNZaWhVQwpYbW9HYzBYcWZNY2J0a0FPYkIxNzlHNE5OM29sTHg5YWU1YXZrK09POVNhYXQyd1lodS9wMGlWTHcya24xVGpJCm9ERXUxclVEbGFlS09mdnZGV2poYUJxOEtkcERvRUlXbSt3ckJNNndSWWgwUTZLb25vZWx3S3Q0dm9vQlV3OVEKem12RjAwdE9jRWpSQktmNDFvMDAreHIvb3djT3drb0RzSU9sQjZXaUhTWTJscVN5aytmdG9ucjd3ZUllVkNPKwp0ellmS2pWeHYwbVhMbEhlRFlNTU0vaWE3WGs2ZXAzSUwveFJxS1pCWkZYcy9SVHJwc05GNWR6aTUwemZWaFk0CmJyd1dQNmRCLy9aK285a0JxRndOZjZHeDlIaDRva2p4aFByK3JQYXRHRGJqQzNueXlxUU92MVAzNVdwRFprazgKbjJNMHZiQlk5aGFHWnZUTEd0UlgwN085OEtaM3MvNWplRk9jVzU4VW1yQXhoVUtjMmR6WGtLVHFjR3pqUjMvTgpYRkVnMkM0L0s3NWxsVVBxUWVGQ3FYTDFEbStOQUM0Q29VRklSbGN6K0Q3Mk14YklQUGp3bmJGdVdjR1dRUkJkClVKaE9hR1JyWkExdXh6cmF3VS9mY3Y3SC9rRUNBd0VBQWFOQ01FQXdEZ1lEVlIwUEFRSC9CQVFEQWdJRU1BOEcKQTFVZEV3RUIvd1FGTUFNQkFmOHdIUVlEVlIwT0JCWUVGQ2M1dFlzdUYraFlyWFBXZ0ZESlNGTUI0MG5hTUEwRwpDU3FHU0liM0RRRUJDd1VBQTRJQmdRQ0Z5UlVNTnZhK1FNRExreHJKbGxWbWZkdlFzYjR2Um14ekdxQUVGa3dMCm9QajUwTXJLcmFsZXp0enZyTlB1dW5ybVBjUmduaEFnalJqaWRkRjEydkhYL3dKd0F5VFlrK1k3QkFMeUYwQXQKa29QVTFodGVmMEVCSUNRRmJYc0pTMm1nRTN5VXpqVkJzNEZnZ3lJS0ZiQ2krc1FOS1FrRnVYMTQxb01wWm5BYQo4cDRpNTN2S1dldExEQUFxdldvRTVKaCtFMU5pK3hEVHluRFY0YXI0c0FTeUNmTEZYd0FTZjYyeTNIYTR6V25MCnhDaFpPQ2tScWdGR0F6c3MrOXREUHNUNW9VbVM3QUtNWmxWcVVXN3pGSmJYbldjK0diYWlJNWVtQTY3YnpBMnEKNVFMb2gvYkNTamkwdm5WdUxzcWNyREJ6cE9WVkRRMjJBTEtCQlJ4UFJZcHNQTktVMUEzRmFkQStQeFNuVkdrVQpWZGwvcWNTNlNKV2NSQU5XZVpQaUxVYUg4OXNsWDlsRGo3WXVYT0lGbG5KcTV5c3ZqTlM4NFB2WWNCZ0FDZ0lhClNjQ2l5ZTRyb3lOSFdRRWUzbHZ0ZXcybDRhdkFMRWFuM2F3NTJybGxTaVRTcHIyM3F5cUl4TURoY1NROEdOT2MKUTErYzgxMnlFcTBGamFGZW9pTWhhaW89Ci0tLS0tRU5EIENFUlRJRklDQVRFLS0tLS0K",
                            "master_auth.0.password": "",
                            "master_auth.0.username": "",
                            "master_authorized_networks_config.#": "0",
                            "master_version": "1.21.5-gke.1302",
                            "monitoring_service": "monitoring.googleapis.com/kubernetes",
                            "name": "lloyd-k8s-training",
                            "network": "projects/elastic-cloud-dev/global/networks/lloyd-k8s-training",
                            "network_policy.#": "1",
                            "network_policy.0.enabled": "false",
                            "network_policy.0.provider": "PROVIDER_UNSPECIFIED",
                            "node_config.#": "1",
                            "node_config.0.disk_size_gb": "100",
                            "node_config.0.disk_type": "pd-standard",
                            "node_config.0.guest_accelerator.#": "0",
                            "node_config.0.image_type": "COS_CONTAINERD",
                            "node_config.0.labels.%": "0",
                            "node_config.0.local_ssd_count": "0",
                            "node_config.0.machine_type": "e2-medium",
                            "node_config.0.metadata.%": "1",
                            "node_config.0.metadata.disable-legacy-endpoints": "true",
                            "node_config.0.min_cpu_platform": "",
                            "node_config.0.oauth_scopes.#": "6",
                            "node_config.0.oauth_scopes.1277378754": "https://www.googleapis.com/auth/monitoring",
                            "node_config.0.oauth_scopes.1632638332": "https://www.googleapis.com/auth/devstorage.read_only",
                            "node_config.0.oauth_scopes.172152165": "https://www.googleapis.com/auth/logging.write",
                            "node_config.0.oauth_scopes.316356861": "https://www.googleapis.com/auth/service.management.readonly",
                            "node_config.0.oauth_scopes.3663490875": "https://www.googleapis.com/auth/servicecontrol",
                            "node_config.0.oauth_scopes.3859019814": "https://www.googleapis.com/auth/trace.append",
                            "node_config.0.preemptible": "false",
                            "node_config.0.sandbox_config.#": "0",
                            "node_config.0.service_account": "default",
                            "node_config.0.shielded_instance_config.#": "1",
                            "node_config.0.shielded_instance_config.0.enable_integrity_monitoring": "true",
                            "node_config.0.shielded_instance_config.0.enable_secure_boot": "false",
                            "node_config.0.tags.#": "0",
                            "node_config.0.taint.#": "0",
                            "node_config.0.workload_metadata_config.#": "0",
                            "node_locations.#": "3",
                            "node_locations.2275771321": "asia-northeast1-b",
                            "node_locations.2663297784": "asia-northeast1-c",
                            "node_locations.2894647418": "asia-northeast1-a",
                            "node_pool.#": "1",
                            "node_pool.0.autoscaling.#": "0",
                            "node_pool.0.initial_node_count": "1",
                            "node_pool.0.instance_group_urls.#": "3",
                            "node_pool.0.instance_group_urls.0": "https://www.googleapis.com/compute/v1/projects/elastic-cloud-dev/zones/asia-northeast1-a/instanceGroupManagers/gke-lloyd-k8s-training-default-pool-fc16c849-grp",
                            "node_pool.0.instance_group_urls.1": "https://www.googleapis.com/compute/v1/projects/elastic-cloud-dev/zones/asia-northeast1-b/instanceGroupManagers/gke-lloyd-k8s-training-default-pool-11ebb5f4-grp",
                            "node_pool.0.instance_group_urls.2": "https://www.googleapis.com/compute/v1/projects/elastic-cloud-dev/zones/asia-northeast1-c/instanceGroupManagers/gke-lloyd-k8s-training-default-pool-e3881e86-grp",
                            "node_pool.0.management.#": "1",
                            "node_pool.0.management.0.auto_repair": "true",
                            "node_pool.0.management.0.auto_upgrade": "true",
                            "node_pool.0.max_pods_per_node": "110",
                            "node_pool.0.name": "default-pool",
                            "node_pool.0.name_prefix": "",
                            "node_pool.0.node_config.#": "1",
                            "node_pool.0.node_config.0.disk_size_gb": "100",
                            "node_pool.0.node_config.0.disk_type": "pd-standard",
                            "node_pool.0.node_config.0.guest_accelerator.#": "0",
                            "node_pool.0.node_config.0.image_type": "COS_CONTAINERD",
                            "node_pool.0.node_config.0.labels.%": "0",
                            "node_pool.0.node_config.0.local_ssd_count": "0",
                            "node_pool.0.node_config.0.machine_type": "e2-medium",
                            "node_pool.0.node_config.0.metadata.%": "1",
                            "node_pool.0.node_config.0.metadata.disable-legacy-endpoints": "true",
                            "node_pool.0.node_config.0.min_cpu_platform": "",
                            "node_pool.0.node_config.0.oauth_scopes.#": "6",
                            "node_pool.0.node_config.0.oauth_scopes.1277378754": "https://www.googleapis.com/auth/monitoring",
                            "node_pool.0.node_config.0.oauth_scopes.1632638332": "https://www.googleapis.com/auth/devstorage.read_only",
                            "node_pool.0.node_config.0.oauth_scopes.172152165": "https://www.googleapis.com/auth/logging.write",
                            "node_pool.0.node_config.0.oauth_scopes.316356861": "https://www.googleapis.com/auth/service.management.readonly",
                            "node_pool.0.node_config.0.oauth_scopes.3663490875": "https://www.googleapis.com/auth/servicecontrol",
                            "node_pool.0.node_config.0.oauth_scopes.3859019814": "https://www.googleapis.com/auth/trace.append",
                            "node_pool.0.node_config.0.preemptible": "false",
                            "node_pool.0.node_config.0.sandbox_config.#": "0",
                            "node_pool.0.node_config.0.service_account": "default",
                            "node_pool.0.node_config.0.shielded_instance_config.#": "1",
                            "node_pool.0.node_config.0.shielded_instance_config.0.enable_integrity_monitoring": "true",
                            "node_pool.0.node_config.0.shielded_instance_config.0.enable_secure_boot": "false",
                            "node_pool.0.node_config.0.tags.#": "0",
                            "node_pool.0.node_config.0.taint.#": "0",
                            "node_pool.0.node_config.0.workload_metadata_config.#": "0",
                            "node_pool.0.node_count": "1",
                            "node_pool.0.version": "1.21.5-gke.1302",
                            "node_version": "1.21.5-gke.1302",
                            "private_cluster_config.#": "0",
                            "project": "elastic-cloud-dev",
                            "region": "asia-northeast1",
                            "resource_labels.%": "0",
                            "services_ipv4_cidr": "10.76.0.0/20",
                            "subnetwork": "projects/elastic-cloud-dev/regions/asia-northeast1/subnetworks/lloyd-k8s-training"
                        },
                        "meta": {
                            "e2bfb730-ecaa-11e6-8f88-34363bc7c4c0": {
                                "create": 1800000000000,
                                "delete": 1800000000000,
                                "update": 3600000000000
                            },
                            "schema_version": "1"
                        },
                        "tainted": false
                    },
                    "deposed": [],
                    "provider": "provider.google"
                }
            },
            "depends_on": []
        }
    ]
}
