{
  "version": 4,
  "terraform_version": "0.12.31",
  "serial": 6,
  "lineage": "8a5380a9-7130-3770-318c-9748782c7a8b",
  "outputs": {},
  "resources": [
    {
      "mode": "managed",
      "type": "google_compute_network",
      "name": "main",
      "provider": "provider.google",
      "instances": [
        {
          "schema_version": 0,
          "attributes": {
            "auto_create_subnetworks": true,
            "delete_default_routes_on_create": false,
            "description": "",
            "gateway_ipv4": "",
            "id": "lloyd-k8s-training",
            "ipv4_range": "",
            "name": "lloyd-k8s-training",
            "project": "elastic-cloud-dev",
            "routing_mode": "REGIONAL",
            "self_link": "https://www.googleapis.com/compute/v1/projects/elastic-cloud-dev/global/networks/lloyd-k8s-training",
            "timeouts": null
          },
          "private": "eyJlMmJmYjczMC1lY2FhLTExZTYtOGY4OC0zNDM2M2JjN2M0YzAiOnsiY3JlYXRlIjoyNDAwMDAwMDAwMDAsImRlbGV0ZSI6MjQwMDAwMDAwMDAwLCJ1cGRhdGUiOjI0MDAwMDAwMDAwMH19"
        }
      ]
    },
    {
      "mode": "managed",
      "type": "google_container_cluster",
      "name": "k8s-cluster",
      "provider": "provider.google",
      "instances": [
        {
          "schema_version": 1,
          "attributes": {
            "additional_zones": [],
            "addons_config": [
              {
                "horizontal_pod_autoscaling": [],
                "http_load_balancing": [],
                "kubernetes_dashboard": [
                  {
                    "disabled": true
                  }
                ],
                "network_policy_config": [
                  {
                    "disabled": true
                  }
                ]
              }
            ],
            "cluster_autoscaling": [],
            "cluster_ipv4_cidr": "10.40.0.0/14",
            "default_max_pods_per_node": 110,
            "description": "",
            "enable_binary_authorization": null,
            "enable_intranode_visibility": null,
            "enable_kubernetes_alpha": false,
            "enable_legacy_abac": false,
            "enable_tpu": null,
            "endpoint": "34.84.21.98",
            "id": "lloyd-k8s-training",
            "initial_node_count": 0,
            "instance_group_urls": [
              "https://www.googleapis.com/compute/v1/projects/elastic-cloud-dev/zones/asia-northeast1-a/instanceGroups/gke-lloyd-k8s-training-builtin-69b2d1af-grp"
            ],
            "ip_allocation_policy": [
              {
                "cluster_ipv4_cidr_block": "10.40.0.0/14",
                "cluster_secondary_range_name": "gke-lloyd-k8s-training-pods-dd9a215a",
                "create_subnetwork": false,
                "node_ipv4_cidr_block": "10.146.0.0/20",
                "services_ipv4_cidr_block": "10.44.0.0/20",
                "services_secondary_range_name": "gke-lloyd-k8s-training-services-dd9a215a",
                "subnetwork_name": "",
                "use_ip_aliases": true
              }
            ],
            "location": "asia-northeast1-a",
            "logging_service": "logging.googleapis.com/kubernetes",
            "maintenance_policy": [],
            "master_auth": [
              {
                "client_certificate": "",
                "client_certificate_config": [
                  {
                    "issue_client_certificate": false
                  }
                ],
                "client_key": "",
                "cluster_ca_certificate": "LS0tLS1CRUdJTiBDRVJUSUZJQ0FURS0tLS0tCk1JSUVMVENDQXBXZ0F3SUJBZ0lSQU5yRS9TTndxR1pDNDhRT3N1dHBibEl3RFFZSktvWklodmNOQVFFTEJRQXcKTHpFdE1Dc0dBMVVFQXhNa1lUVTNaV1ZqTnpRdE1ESTRNUzAwTjJWaExUazRZemd0T0RVNE9HSTVZVGhoTURGbQpNQ0FYRFRJeU1ERXhPVEE1TlRRMU5Wb1lEekl3TlRJd01URXlNVEExTkRVMVdqQXZNUzB3S3dZRFZRUURFeVJoCk5UZGxaV00zTkMwd01qZ3hMVFEzWldFdE9UaGpPQzA0TlRnNFlqbGhPR0V3TVdZd2dnR2lNQTBHQ1NxR1NJYjMKRFFFQkFRVUFBNElCandBd2dnR0tBb0lCZ1FEY0I0NVhqdnptRldSdzZCTzRpSlhFZDUvMGg0dXczNlMrNDdCSApiU1FiWWlwWVhkUEZ1aFdlT25ZaXowTkhlU3ZXNkNsSVBMZEl2dS8xclYwVmg5OWZ2ZVhudmdHU0w5ZVJyNjhYCmdFWkJkSko5TCtGWHNiMTdJNWhMWm9oeTJIZ1kwOHVrWWpPeUVyZ1M3V2lsMURCOXcyZFpwMnBwdm9pZUhKUTIKemNxWjlmZHdTRVlqSExBYUlBd2hMcTAyc0ZWMmtJazFwTzBsLytITTgrcWZ6UXgzRWJpL2dzTEF6QzRvNTdUSQpZK2tqVWliVHFvZUpiZk0yOHp2N3E2cXhrQ2pldHpVRFliVmxWUmhnSVd2cWVrSFgwaWJZK2VWc2lUT0llemxNCk9CK1F6NTN1dmRVUzhVQ2g5c2NBcU5CeHVvUkRoTHkwSnNQbmw5Zk1DU1NxUDBKUmF3alhVZ3ozVTZYRXA4ZXQKa3M2TjdURXhNckZSWHVQZFN0Vm5RanhRME8xbW1nZVRLUnZYOVpyU3QzTkVFQnY0MTRkMHY4bVFIZm1UOGQvWQpxTVp5Y0dKSEhYZFA1SGxBc052c2tFRFFUTVYvNTl1elR4cUpuZER5SXpHTTBWZEZva2hwVm5sbFowQXk3R1NoCk1JbC9hMWxCckZFb3lJTEI5dHdkc2xYbGJYVUNBd0VBQWFOQ01FQXdEZ1lEVlIwUEFRSC9CQVFEQWdJRU1BOEcKQTFVZEV3RUIvd1FGTUFNQkFmOHdIUVlEVlIwT0JCWUVGSTFlbnpPOWFWMHZlZ0hzWU81NlJPdnZZYUJ2TUEwRwpDU3FHU0liM0RRRUJDd1VBQTRJQmdRQnlLR05hUzZrZkM1QkZWa2JrWS9KeXk2bGV2UEplSm9xd0c4Zm1aaVpMCktVNVhBUVpacm9mK2lrQnFlR0dsUEdXeEdCbUJqbVAzQ2dFNDZKb0lKRXBmTm54WG1NQS9WeFZ5UGptdGFyaDEKRUxuYWZhcm9rL3Fld2ZQMDF5UzlXRlNsTklEczQ4Uit1SjlaSE40NVh0RE9oWmZaR0tDSW9OL052T3lkTkY2SQo2NkRSQ01vTVZtdmxFa3M3OWQ2OTZNL0NSTFJUejRUNEQ2UVBhWUpoWnJYT0hraVdaTjVNS3ZzYW9rOHAxRUcwCmNWSTVjRHgrSng4czQwTkVWVkUyejVMSGNQdUMwQ0Jpd3ZUSUFKRUU2N2xSRTBPSG5yQVVTbDFBM2JKVXkxTTAKY2xaM21ORjRuY0FBOWMva2tMZW9vdGloUUI5MDcyN3JqOHM3WXR4T2Q1ZFRvYk1BVUMyeTFFbnRjZCs1aE84KwpNdkYzU2VNb2srM1hyUE45QlQxNFg5MFJjTGZvaUt5QThhaXdBeXFaSDYzQUQ1Sjk2eTB2MEQzNmxHb3FYVDhJCnI0WngvQnY4U2RiZ3k4MXY2cXg4d3lQOEpmQ1hJNThFWkpjcFp2RHM3QVFwbm1vaElWbUluWXMybkJETTl0NFYKV1RGcWZnbmY0ZStVeEh2akNZNllrNlk9Ci0tLS0tRU5EIENFUlRJRklDQVRFLS0tLS0K",
                "password": "",
                "username": ""
              }
            ],
            "master_authorized_networks_config": [],
            "master_version": "1.21.5-gke.1302",
            "min_master_version": null,
            "monitoring_service": "monitoring.googleapis.com/kubernetes",
            "name": "lloyd-k8s-training",
            "network": "projects/elastic-cloud-dev/global/networks/lloyd-k8s-training",
            "network_policy": [
              {
                "enabled": false,
                "provider": "PROVIDER_UNSPECIFIED"
              }
            ],
            "node_config": [
              {
                "disk_size_gb": 100,
                "disk_type": "pd-standard",
                "guest_accelerator": [],
                "image_type": "COS_CONTAINERD",
                "labels": {},
                "local_ssd_count": 0,
                "machine_type": "e2-medium",
                "metadata": {
                  "disable-legacy-endpoints": "true"
                },
                "min_cpu_platform": "",
                "oauth_scopes": [
                  "https://www.googleapis.com/auth/devstorage.read_only",
                  "https://www.googleapis.com/auth/logging.write",
                  "https://www.googleapis.com/auth/monitoring",
                  "https://www.googleapis.com/auth/service.management.readonly",
                  "https://www.googleapis.com/auth/servicecontrol",
                  "https://www.googleapis.com/auth/trace.append"
                ],
                "preemptible": false,
                "sandbox_config": [],
                "service_account": "default",
                "shielded_instance_config": [
                  {
                    "enable_integrity_monitoring": true,
                    "enable_secure_boot": false
                  }
                ],
                "tags": [],
                "taint": [],
                "workload_metadata_config": []
              }
            ],
            "node_locations": [],
            "node_pool": [
              {
                "autoscaling": [],
                "initial_node_count": 0,
                "instance_group_urls": [
                  "https://www.googleapis.com/compute/v1/projects/elastic-cloud-dev/zones/asia-northeast1-a/instanceGroupManagers/gke-lloyd-k8s-training-builtin-69b2d1af-grp"
                ],
                "management": [
                  {
                    "auto_repair": true,
                    "auto_upgrade": true
                  }
                ],
                "max_pods_per_node": 110,
                "name": "builtin",
                "name_prefix": "",
                "node_config": [
                  {
                    "disk_size_gb": 100,
                    "disk_type": "pd-standard",
                    "guest_accelerator": [],
                    "image_type": "COS_CONTAINERD",
                    "labels": {},
                    "local_ssd_count": 0,
                    "machine_type": "e2-medium",
                    "metadata": {
                      "disable-legacy-endpoints": "true"
                    },
                    "min_cpu_platform": "",
                    "oauth_scopes": [
                      "https://www.googleapis.com/auth/devstorage.read_only",
                      "https://www.googleapis.com/auth/logging.write",
                      "https://www.googleapis.com/auth/monitoring",
                      "https://www.googleapis.com/auth/service.management.readonly",
                      "https://www.googleapis.com/auth/servicecontrol",
                      "https://www.googleapis.com/auth/trace.append"
                    ],
                    "preemptible": false,
                    "sandbox_config": [],
                    "service_account": "default",
                    "shielded_instance_config": [
                      {
                        "enable_integrity_monitoring": true,
                        "enable_secure_boot": false
                      }
                    ],
                    "tags": [],
                    "taint": [],
                    "workload_metadata_config": []
                  }
                ],
                "node_count": 0,
                "version": "1.21.5-gke.1302"
              }
            ],
            "node_version": "1.21.5-gke.1302",
            "pod_security_policy_config": [],
            "private_cluster_config": [],
            "project": "elastic-cloud-dev",
            "region": null,
            "remove_default_node_pool": null,
            "resource_labels": null,
            "services_ipv4_cidr": "10.44.0.0/20",
            "subnetwork": "projects/elastic-cloud-dev/regions/asia-northeast1/subnetworks/lloyd-k8s-training",
            "timeouts": null,
            "zone": "asia-northeast1-a"
          },
          "private": "eyJlMmJmYjczMC1lY2FhLTExZTYtOGY4OC0zNDM2M2JjN2M0YzAiOnsiY3JlYXRlIjoxODAwMDAwMDAwMDAwLCJkZWxldGUiOjE4MDAwMDAwMDAwMDAsInVwZGF0ZSI6MzYwMDAwMDAwMDAwMH0sInNjaGVtYV92ZXJzaW9uIjoiMSJ9",
          "dependencies": [
            "google_compute_network.main"
          ]
        }
      ]
    }
  ]
}
